
Microsoft Visual Studio Solution File, Format Version 12.00
# Visual Studio Version 17
VisualStudioVersion = 17.2.32526.322
MinimumVisualStudioVersion = 10.0.40219.1
Project("{2150E333-8FDC-42A3-9474-1A3956D46DE8}") = "Server", "Server", "{6BF4A671-BF2E-4FC2-A857-D52633FCAD8E}"
EndProject
Project("{2150E333-8FDC-42A3-9474-1A3956D46DE8}") = "Client", "Client", "{D41451BE-9F37-43BA-ADC7-2D54D98956BD}"
EndProject
Project("{2150E333-8FDC-42A3-9474-1A3956D46DE8}") = "Shared", "Shared", "{6F3D3EDD-86D4-4CB1-BD7E-998BE276E78D}"
EndProject
Project("{2150E333-8FDC-42A3-9474-1A3956D46DE8}") = "Core", "Core", "{E97D503D-F438-4EA2-B22D-24CBEE30BDD9}"
EndProject
Project("{FAE04EC0-301F-11D3-BF4B-00C04F79EFBC}") = "IronFramework.Core.Server", "Core\Server\IronFramework.Core.Server\IronFramework.Core.Server.csproj", "{80279E75-4564-4AEA-95A4-609C050A7E8D}"
EndProject
Project("{2150E333-8FDC-42A3-9474-1A3956D46DE8}") = "Plugins", "Plugins", "{C01CD5F8-2EB0-4866-9F40-16FEC7714E6D}"
EndProject
Project("{FAE04EC0-301F-11D3-BF4B-00C04F79EFBC}") = "IronFramework.Core.Shared", "Core\Shared\IronFramework.Core.Shared\IronFramework.Core.Shared.csproj", "{D16AAE8A-C5AC-4110-BADF-E4B0FDE7C204}"
EndProject
Project("{FAE04EC0-301F-11D3-BF4B-00C04F79EFBC}") = "IronFramework.Core.Shared.Abstractions", "Core\Shared\IronFramework.Core.Shared.Abstractions\IronFramework.Core.Shared.Abstractions.csproj", "{8C246752-6F0D-4F5D-9A2F-8E55B607BC4A}"
EndProject
Project("{FAE04EC0-301F-11D3-BF4B-00C04F79EFBC}") = "IronFramework.Core.Shared.EventsNames", "Core\Shared\IronFramework.Core.Shared.EventsNames\IronFramework.Core.Shared.EventsNames.csproj", "{C7F38389-3FE7-4EA8-9F80-E417599852B3}"
EndProject
Project("{FAE04EC0-301F-11D3-BF4B-00C04F79EFBC}") = "IronFramework.Core.Client", "Core\Client\IronFramework.Core.Client\IronFramework.Core.Client.csproj", "{957174E2-1AAA-4945-8BD9-5AC447F40F5E}"
EndProject
Global
	GlobalSection(SolutionConfigurationPlatforms) = preSolution
		Debug|Any CPU = Debug|Any CPU
		Release|Any CPU = Release|Any CPU
	EndGlobalSection
	GlobalSection(ProjectConfigurationPlatforms) = postSolution
		{80279E75-4564-4AEA-95A4-609C050A7E8D}.Debug|Any CPU.ActiveCfg = Debug|Any CPU
		{80279E75-4564-4AEA-95A4-609C050A7E8D}.Debug|Any CPU.Build.0 = Debug|Any CPU
		{80279E75-4564-4AEA-95A4-609C050A7E8D}.Release|Any CPU.ActiveCfg = Release|Any CPU
		{80279E75-4564-4AEA-95A4-609C050A7E8D}.Release|Any CPU.Build.0 = Release|Any CPU
		{D16AAE8A-C5AC-4110-BADF-E4B0FDE7C204}.Debug|Any CPU.ActiveCfg = Debug|Any CPU
		{D16AAE8A-C5AC-4110-BADF-E4B0FDE7C204}.Debug|Any CPU.Build.0 = Debug|Any CPU
		{D16AAE8A-C5AC-4110-BADF-E4B0FDE7C204}.Release|Any CPU.ActiveCfg = Release|Any CPU
		{D16AAE8A-C5AC-4110-BADF-E4B0FDE7C204}.Release|Any CPU.Build.0 = Release|Any CPU
		{8C246752-6F0D-4F5D-9A2F-8E55B607BC4A}.Debug|Any CPU.ActiveCfg = Debug|Any CPU
		{8C246752-6F0D-4F5D-9A2F-8E55B607BC4A}.Debug|Any CPU.Build.0 = Debug|Any CPU
		{8C246752-6F0D-4F5D-9A2F-8E55B607BC4A}.Release|Any CPU.ActiveCfg = Release|Any CPU
		{8C246752-6F0D-4F5D-9A2F-8E55B607BC4A}.Release|Any CPU.Build.0 = Release|Any CPU
		{C7F38389-3FE7-4EA8-9F80-E417599852B3}.Debug|Any CPU.ActiveCfg = Debug|Any CPU
		{C7F38389-3FE7-4EA8-9F80-E417599852B3}.Debug|Any CPU.Build.0 = Debug|Any CPU
		{C7F38389-3FE7-4EA8-9F80-E417599852B3}.Release|Any CPU.ActiveCfg = Release|Any CPU
		{C7F38389-3FE7-4EA8-9F80-E417599852B3}.Release|Any CPU.Build.0 = Release|Any CPU
		{957174E2-1AAA-4945-8BD9-5AC447F40F5E}.Debug|Any CPU.ActiveCfg = Debug|Any CPU
		{957174E2-1AAA-4945-8BD9-5AC447F40F5E}.Debug|Any CPU.Build.0 = Debug|Any CPU
		{957174E2-1AAA-4945-8BD9-5AC447F40F5E}.Release|Any CPU.ActiveCfg = Release|Any CPU
		{957174E2-1AAA-4945-8BD9-5AC447F40F5E}.Release|Any CPU.Build.0 = Release|Any CPU
	EndGlobalSection
	GlobalSection(SolutionProperties) = preSolution
		HideSolutionNode = FALSE
	EndGlobalSection
	GlobalSection(NestedProjects) = preSolution
		{6BF4A671-BF2E-4FC2-A857-D52633FCAD8E} = {E97D503D-F438-4EA2-B22D-24CBEE30BDD9}
		{D41451BE-9F37-43BA-ADC7-2D54D98956BD} = {E97D503D-F438-4EA2-B22D-24CBEE30BDD9}
		{6F3D3EDD-86D4-4CB1-BD7E-998BE276E78D} = {E97D503D-F438-4EA2-B22D-24CBEE30BDD9}
		{80279E75-4564-4AEA-95A4-609C050A7E8D} = {6BF4A671-BF2E-4FC2-A857-D52633FCAD8E}
		{D16AAE8A-C5AC-4110-BADF-E4B0FDE7C204} = {6F3D3EDD-86D4-4CB1-BD7E-998BE276E78D}
		{8C246752-6F0D-4F5D-9A2F-8E55B607BC4A} = {6F3D3EDD-86D4-4CB1-BD7E-998BE276E78D}
		{C7F38389-3FE7-4EA8-9F80-E417599852B3} = {6F3D3EDD-86D4-4CB1-BD7E-998BE276E78D}
		{957174E2-1AAA-4945-8BD9-5AC447F40F5E} = {D41451BE-9F37-43BA-ADC7-2D54D98956BD}
	EndGlobalSection
	GlobalSection(ExtensibilityGlobals) = postSolution
		SolutionGuid = {691F9841-41EF-4E63-ABFE-FFF0581C36A7}
	EndGlobalSection
EndGlobal
